
Microsoft Visual Studio Solution File, Format Version 12.00
# Visual Studio Version 16
VisualStudioVersion = 16.0.32413.511
MinimumVisualStudioVersion = 10.0.40219.1
Project("{FAE04EC0-301F-11D3-BF4B-00C04F79EFBC}") = "QuanLyBanHang", "QuanLyBanHang\QuanLyBanHang.csproj", "{0B946CB5-77EB-4982-A42E-0D6C455F3682}"
EndProject
Global
	GlobalSection(SolutionConfigurationPlatforms) = preSolution
		Debug|Any CPU = Debug|Any CPU
		Release|Any CPU = Release|Any CPU
	EndGlobalSection
	GlobalSection(ProjectConfigurationPlatforms) = postSolution
		{0B946CB5-77EB-4982-A42E-0D6C455F3682}.Debug|Any CPU.ActiveCfg = Debug|Any CPU
		{0B946CB5-77EB-4982-A42E-0D6C455F3682}.Debug|Any CPU.Build.0 = Debug|Any CPU
		{0B946CB5-77EB-4982-A42E-0D6C455F3682}.Release|Any CPU.ActiveCfg = Release|Any CPU
		{0B946CB5-77EB-4982-A42E-0D6C455F3682}.Release|Any CPU.Build.0 = Release|Any CPU
	EndGlobalSection
	GlobalSection(SolutionProperties) = preSolution
		HideSolutionNode = FALSE
	EndGlobalSection
	GlobalSection(ExtensibilityGlobals) = postSolution
		SolutionGuid = {C6FB187D-96A4-4ED6-B4A8-E797E4097661}
	EndGlobalSection
EndGlobal
